
Microsoft Visual Studio Solution File, Format Version 12.00
# Visual Studio Version 16
VisualStudioVersion = 16.0.29806.167
MinimumVisualStudioVersion = 10.0.40219.1
Project("{888888A0-9F3D-457C-B088-3A5042F75D52}") = "Mod5_Huffman", "Mod5_Huffman\Mod5_Huffman.pyproj", "{5DECA479-C959-427C-BDC9-7DFFC476AB64}"
EndProject
Global
	GlobalSection(SolutionConfigurationPlatforms) = preSolution
		Debug|Any CPU = Debug|Any CPU
		Release|Any CPU = Release|Any CPU
	EndGlobalSection
	GlobalSection(ProjectConfigurationPlatforms) = postSolution
		{5DECA479-C959-427C-BDC9-7DFFC476AB64}.Debug|Any CPU.ActiveCfg = Debug|Any CPU
		{5DECA479-C959-427C-BDC9-7DFFC476AB64}.Release|Any CPU.ActiveCfg = Release|Any CPU
	EndGlobalSection
	GlobalSection(SolutionProperties) = preSolution
		HideSolutionNode = FALSE
	EndGlobalSection
	GlobalSection(ExtensibilityGlobals) = postSolution
		SolutionGuid = {433A180F-95B0-4435-8357-28AE522DB1F2}
	EndGlobalSection
EndGlobal
