
Microsoft Visual Studio Solution File, Format Version 12.00
# Visual Studio 15
VisualStudioVersion = 15.0.28307.271
MinimumVisualStudioVersion = 10.0.40219.1
Project("{888888A0-9F3D-457C-B088-3A5042F75D52}") = "Lab1_OdwrNotPol", "Lab1_OdwrNotPol\Lab1_OdwrNotPol.pyproj", "{B58DBE8B-E675-42FA-A2CD-173D5B4EC75A}"
EndProject
Global
	GlobalSection(SolutionConfigurationPlatforms) = preSolution
		Debug|Any CPU = Debug|Any CPU
		Release|Any CPU = Release|Any CPU
	EndGlobalSection
	GlobalSection(ProjectConfigurationPlatforms) = postSolution
		{B58DBE8B-E675-42FA-A2CD-173D5B4EC75A}.Debug|Any CPU.ActiveCfg = Debug|Any CPU
		{B58DBE8B-E675-42FA-A2CD-173D5B4EC75A}.Release|Any CPU.ActiveCfg = Release|Any CPU
	EndGlobalSection
	GlobalSection(SolutionProperties) = preSolution
		HideSolutionNode = FALSE
	EndGlobalSection
	GlobalSection(ExtensibilityGlobals) = postSolution
		SolutionGuid = {4B2CA946-0C75-4299-852D-5416EFCBE2F8}
	EndGlobalSection
EndGlobal
