
Microsoft Visual Studio Solution File, Format Version 12.00
# Visual Studio 15
VisualStudioVersion = 15.0.28307.271
MinimumVisualStudioVersion = 10.0.40219.1
Project("{888888A0-9F3D-457C-B088-3A5042F75D52}") = "Lab2_Stos", "Lab2_Stos\Lab2_Stos.pyproj", "{457E891F-389B-47FB-9956-97364655E9C5}"
EndProject
Global
	GlobalSection(SolutionConfigurationPlatforms) = preSolution
		Debug|Any CPU = Debug|Any CPU
		Release|Any CPU = Release|Any CPU
	EndGlobalSection
	GlobalSection(ProjectConfigurationPlatforms) = postSolution
		{457E891F-389B-47FB-9956-97364655E9C5}.Debug|Any CPU.ActiveCfg = Debug|Any CPU
		{457E891F-389B-47FB-9956-97364655E9C5}.Release|Any CPU.ActiveCfg = Release|Any CPU
	EndGlobalSection
	GlobalSection(SolutionProperties) = preSolution
		HideSolutionNode = FALSE
	EndGlobalSection
	GlobalSection(ExtensibilityGlobals) = postSolution
		SolutionGuid = {EF166E0F-CE81-4F7D-9EEF-E51B756E076E}
	EndGlobalSection
EndGlobal
