
Microsoft Visual Studio Solution File, Format Version 12.00
# Visual Studio 15
VisualStudioVersion = 15.0.28307.271
MinimumVisualStudioVersion = 10.0.40219.1
Project("{888888A0-9F3D-457C-B088-3A5042F75D52}") = "Lab2_Kolejka", "Lab2_Kolejka\Lab2_Kolejka.pyproj", "{62C7D865-630E-4989-A330-9993619913CD}"
EndProject
Global
	GlobalSection(SolutionConfigurationPlatforms) = preSolution
		Debug|Any CPU = Debug|Any CPU
		Release|Any CPU = Release|Any CPU
	EndGlobalSection
	GlobalSection(ProjectConfigurationPlatforms) = postSolution
		{62C7D865-630E-4989-A330-9993619913CD}.Debug|Any CPU.ActiveCfg = Debug|Any CPU
		{62C7D865-630E-4989-A330-9993619913CD}.Release|Any CPU.ActiveCfg = Release|Any CPU
	EndGlobalSection
	GlobalSection(SolutionProperties) = preSolution
		HideSolutionNode = FALSE
	EndGlobalSection
	GlobalSection(ExtensibilityGlobals) = postSolution
		SolutionGuid = {28B85253-66D2-486E-A118-5C09AB5EDC6C}
	EndGlobalSection
EndGlobal
